
Microsoft Visual Studio Solution File, Format Version 12.00
# Visual Studio Version 17
VisualStudioVersion = 17.13.35825.156 d17.13
MinimumVisualStudioVersion = 10.0.40219.1
Project("{FAE04EC0-301F-11D3-BF4B-00C04F79EFBC}") = "Практическая работа (контейнеры)", "Практическая работа (контейнеры)\Практическая работа (контейнеры).csproj", "{DE94721D-3720-423C-AAED-960A3401D88C}"
EndProject
Global
	GlobalSection(SolutionConfigurationPlatforms) = preSolution
		Debug|Any CPU = Debug|Any CPU
		Release|Any CPU = Release|Any CPU
	EndGlobalSection
	GlobalSection(ProjectConfigurationPlatforms) = postSolution
		{DE94721D-3720-423C-AAED-960A3401D88C}.Debug|Any CPU.ActiveCfg = Debug|Any CPU
		{DE94721D-3720-423C-AAED-960A3401D88C}.Debug|Any CPU.Build.0 = Debug|Any CPU
		{DE94721D-3720-423C-AAED-960A3401D88C}.Release|Any CPU.ActiveCfg = Release|Any CPU
		{DE94721D-3720-423C-AAED-960A3401D88C}.Release|Any CPU.Build.0 = Release|Any CPU
	EndGlobalSection
	GlobalSection(SolutionProperties) = preSolution
		HideSolutionNode = FALSE
	EndGlobalSection
	GlobalSection(ExtensibilityGlobals) = postSolution
		SolutionGuid = {854A0EC5-E610-4F98-9810-76DF73DFCC8A}
	EndGlobalSection
EndGlobal
